// !$*UTF8*$!
{
	archiveVersion = 1;
	classes = {
	};
	objectVersion = 55;
	objects = {

/* Begin PBXBuildFile section */
		F8B489C12885C3110084905B /* AppDelegate.swift in Sources */ = {isa = PBXBuildFile; fileRef = F8B489C02885C3110084905B /* AppDelegate.swift */; };
		F8B489C32885C3110084905B /* SceneDelegate.swift in Sources */ = {isa = PBXBuildFile; fileRef = F8B489C22885C3110084905B /* SceneDelegate.swift */; };
		F8B489C52885C3110084905B /* ViewController.swift in Sources */ = {isa = PBXBuildFile; fileRef = F8B489C42885C3110084905B /* ViewController.swift */; };
		F8B489C82885C3110084905B /* Main.storyboard in Resources */ = {isa = PBXBuildFile; fileRef = F8B489C62885C3110084905B /* Main.storyboard */; };
		F8B489CB2885C3110084905B /* EduardoEduardoFabioIdevanPhaulo.xcdatamodeld in Sources */ = {isa = PBXBuildFile; fileRef = F8B489C92885C3110084905B /* EduardoEduardoFabioIdevanPhaulo.xcdatamodeld */; };
		F8B489CD2885C3130084905B /* Assets.xcassets in Resources */ = {isa = PBXBuildFile; fileRef = F8B489CC2885C3130084905B /* Assets.xcassets */; };
		F8B489D02885C3130084905B /* LaunchScreen.storyboard in Resources */ = {isa = PBXBuildFile; fileRef = F8B489CE2885C3130084905B /* LaunchScreen.storyboard */; };
/* End PBXBuildFile section */

/* Begin PBXFileReference section */
		F8B489BD2885C3110084905B /* EduardoEduardoFabioIdevanPhaulo.app */ = {isa = PBXFileReference; explicitFileType = wrapper.application; includeInIndex = 0; path = EduardoEduardoFabioIdevanPhaulo.app; sourceTree = BUILT_PRODUCTS_DIR; };
		F8B489C02885C3110084905B /* AppDelegate.swift */ = {isa = PBXFileReference; lastKnownFileType = sourcecode.swift; path = AppDelegate.swift; sourceTree = "<group>"; };
		F8B489C22885C3110084905B /* SceneDelegate.swift */ = {isa = PBXFileReference; lastKnownFileType = sourcecode.swift; path = SceneDelegate.swift; sourceTree = "<group>"; };
		F8B489C42885C3110084905B /* ViewController.swift */ = {isa = PBXFileReference; lastKnownFileType = sourcecode.swift; path = ViewController.swift; sourceTree = "<group>"; };
		F8B489C72885C3110084905B /* Base */ = {isa = PBXFileReference; lastKnownFileType = file.storyboard; name = Base; path = Base.lproj/Main.storyboard; sourceTree = "<group>"; };
		F8B489CA2885C3110084905B /* EduardoEduardoFabioIdevanPhaulo.xcdatamodel */ = {isa = PBXFileReference; lastKnownFileType = wrapper.xcdatamodel; path = EduardoEduardoFabioIdevanPhaulo.xcdatamodel; sourceTree = "<group>"; };
		F8B489CC2885C3130084905B /* Assets.xcassets */ = {isa = PBXFileReference; lastKnownFileType = folder.assetcatalog; path = Assets.xcassets; sourceTree = "<group>"; };
		F8B489CF2885C3130084905B /* Base */ = {isa = PBXFileReference; lastKnownFileType = file.storyboard; name = Base; path = Base.lproj/LaunchScreen.storyboard; sourceTree = "<group>"; };
		F8B489D12885C3130084905B /* Info.plist */ = {isa = PBXFileReference; lastKnownFileType = text.plist.xml; path = Info.plist; sourceTree = "<group>"; };
/* End PBXFileReference section */

/* Begin PBXFrameworksBuildPhase section */
		F8B489BA2885C3110084905B /* Frameworks */ = {
			isa = PBXFrameworksBuildPhase;
			buildActionMask = 2147483647;
			files = (
			);
			runOnlyForDeploymentPostprocessing = 0;
		};
/* End PBXFrameworksBuildPhase section */

/* Begin PBXGroup section */
		F8B489B42885C3110084905B = {
			isa = PBXGroup;
			children = (
				F8B489BF2885C3110084905B /* EduardoEduardoFabioIdevanPhaulo */,
				F8B489BE2885C3110084905B /* Products */,
			);
			sourceTree = "<group>";
		};
		F8B489BE2885C3110084905B /* Products */ = {
			isa = PBXGroup;
			children = (
				F8B489BD2885C3110084905B /* EduardoEduardoFabioIdevanPhaulo.app */,
			);
			name = Products;
			sourceTree = "<group>";
		};
		F8B489BF2885C3110084905B /* EduardoEduardoFabioIdevanPhaulo */ = {
			isa = PBXGroup;
			children = (
				F8B489C02885C3110084905B /* AppDelegate.swift */,
				F8B489C22885C3110084905B /* SceneDelegate.swift */,
				F8B489C42885C3110084905B /* ViewController.swift */,
				F8B489C62885C3110084905B /* Main.storyboard */,
				F8B489CC2885C3130084905B /* Assets.xcassets */,
				F8B489CE2885C3130084905B /* LaunchScreen.storyboard */,
				F8B489D12885C3130084905B /* Info.plist */,
				F8B489C92885C3110084905B /* EduardoEduardoFabioIdevanPhaulo.xcdatamodeld */,
			);
			path = EduardoEduardoFabioIdevanPhaulo;
			sourceTree = "<group>";
		};
/* End PBXGroup section */

/* Begin PBXNativeTarget section */
		F8B489BC2885C3110084905B /* EduardoEduardoFabioIdevanPhaulo */ = {
			isa = PBXNativeTarget;
			buildConfigurationList = F8B489D42885C3130084905B /* Build configuration list for PBXNativeTarget "EduardoEduardoFabioIdevanPhaulo" */;
			buildPhases = (
				F8B489B92885C3110084905B /* Sources */,
				F8B489BA2885C3110084905B /* Frameworks */,
				F8B489BB2885C3110084905B /* Resources */,
			);
			buildRules = (
			);
			dependencies = (
			);
			name = EduardoEduardoFabioIdevanPhaulo;
			productName = EduardoEduardoFabioIdevanPhaulo;
			productReference = F8B489BD2885C3110084905B /* EduardoEduardoFabioIdevanPhaulo.app */;
			productType = "com.apple.product-type.application";
		};
/* End PBXNativeTarget section */

/* Begin PBXProject section */
		F8B489B52885C3110084905B /* Project object */ = {
			isa = PBXProject;
			attributes = {
				BuildIndependentTargetsInParallel = 1;
				LastSwiftUpdateCheck = 1340;
				LastUpgradeCheck = 1340;
				TargetAttributes = {
					F8B489BC2885C3110084905B = {
						CreatedOnToolsVersion = 13.4.1;
					};
				};
			};
			buildConfigurationList = F8B489B82885C3110084905B /* Build configuration list for PBXProject "EduardoEduardoFabioIdevanPhaulo" */;
			compatibilityVersion = "Xcode 13.0";
			developmentRegion = en;
			hasScannedForEncodings = 0;
			knownRegions = (
				en,
				Base,
			);
			mainGroup = F8B489B42885C3110084905B;
			productRefGroup = F8B489BE2885C3110084905B /* Products */;
			projectDirPath = "";
			projectRoot = "";
			targets = (
				F8B489BC2885C3110084905B /* EduardoEduardoFabioIdevanPhaulo */,
			);
		};
/* End PBXProject section */

/* Begin PBXResourcesBuildPhase section */
		F8B489BB2885C3110084905B /* Resources */ = {
			isa = PBXResourcesBuildPhase;
			buildActionMask = 2147483647;
			files = (
				F8B489D02885C3130084905B /* LaunchScreen.storyboard in Resources */,
				F8B489CD2885C3130084905B /* Assets.xcassets in Resources */,
				F8B489C82885C3110084905B /* Main.storyboard in Resources */,
			);
			runOnlyForDeploymentPostprocessing = 0;
		};
/* End PBXResourcesBuildPhase section */

/* Begin PBXSourcesBuildPhase section */
		F8B489B92885C3110084905B /* Sources */ = {
			isa = PBXSourcesBuildPhase;
			buildActionMask = 2147483647;
			files = (
				F8B489C52885C3110084905B /* ViewController.swift in Sources */,
				F8B489CB2885C3110084905B /* EduardoEduardoFabioIdevanPhaulo.xcdatamodeld in Sources */,
				F8B489C12885C3110084905B /* AppDelegate.swift in Sources */,
				F8B489C32885C3110084905B /* SceneDelegate.swift in Sources */,
			);
			runOnlyForDeploymentPostprocessing = 0;
		};
/* End PBXSourcesBuildPhase section */

/* Begin PBXVariantGroup section */
		F8B489C62885C3110084905B /* Main.storyboard */ = {
			isa = PBXVariantGroup;
			children = (
				F8B489C72885C3110084905B /* Base */,
			);
			name = Main.storyboard;
			sourceTree = "<group>";
		};
		F8B489CE2885C3130084905B /* LaunchScreen.storyboard */ = {
			isa = PBXVariantGroup;
			children = (
				F8B489CF2885C3130084905B /* Base */,
			);
			name = LaunchScreen.storyboard;
			sourceTree = "<group>";
		};
/* End PBXVariantGroup section */

/* Begin XCBuildConfiguration section */
		F8B489D22885C3130084905B /* Debug */ = {
			isa = XCBuildConfiguration;
			buildSettings = {
				ALWAYS_SEARCH_USER_PATHS = NO;
				CLANG_ANALYZER_NONNULL = YES;
				CLANG_ANALYZER_NUMBER_OBJECT_CONVERSION = YES_AGGRESSIVE;
				CLANG_CXX_LANGUAGE_STANDARD = "gnu++17";
				CLANG_ENABLE_MODULES = YES;
				CLANG_ENABLE_OBJC_ARC = YES;
				CLANG_ENABLE_OBJC_WEAK = YES;
				CLANG_WARN_BLOCK_CAPTURE_AUTORELEASING = YES;
				CLANG_WARN_BOOL_CONVERSION = YES;
				CLANG_WARN_COMMA = YES;
				CLANG_WARN_CONSTANT_CONVERSION = YES;
				CLANG_WARN_DEPRECATED_OBJC_IMPLEMENTATIONS = YES;
				CLANG_WARN_DIRECT_OBJC_ISA_USAGE = YES_ERROR;
				CLANG_WARN_DOCUMENTATION_COMMENTS = YES;
				CLANG_WARN_EMPTY_BODY = YES;
				CLANG_WARN_ENUM_CONVERSION = YES;
				CLANG_WARN_INFINITE_RECURSION = YES;
				CLANG_WARN_INT_CONVERSION = YES;
				CLANG_WARN_NON_LITERAL_NULL_CONVERSION = YES;
				CLANG_WARN_OBJC_IMPLICIT_RETAIN_SELF = YES;
				CLANG_WARN_OBJC_LITERAL_CONVERSION = YES;
				CLANG_WARN_OBJC_ROOT_CLASS = YES_ERROR;
				CLANG_WARN_QUOTED_INCLUDE_IN_FRAMEWORK_HEADER = YES;
				CLANG_WARN_RANGE_LOOP_ANALYSIS = YES;
				CLANG_WARN_STRICT_PROTOTYPES = YES;
				CLANG_WARN_SUSPICIOUS_MOVE = YES;
				CLANG_WARN_UNGUARDED_AVAILABILITY = YES_AGGRESSIVE;
				CLANG_WARN_UNREACHABLE_CODE = YES;
				CLANG_WARN__DUPLICATE_METHOD_MATCH = YES;
				COPY_PHASE_STRIP = NO;
				DEBUG_INFORMATION_FORMAT = dwarf;
				ENABLE_STRICT_OBJC_MSGSEND = YES;
				ENABLE_TESTABILITY = YES;
				GCC_C_LANGUAGE_STANDARD = gnu11;
				GCC_DYNAMIC_NO_PIC = NO;
				GCC_NO_COMMON_BLOCKS = YES;
				GCC_OPTIMIZATION_LEVEL = 0;
				GCC_PREPROCESSOR_DEFINITIONS = (
					"DEBUG=1",
					"$(inherited)",
				);
				GCC_WARN_64_TO_32_BIT_CONVERSION = YES;
				GCC_WARN_ABOUT_RETURN_TYPE = YES_ERROR;
				GCC_WARN_UNDECLARED_SELECTOR = YES;
				GCC_WARN_UNINITIALIZED_AUTOS = YES_AGGRESSIVE;
				GCC_WARN_UNUSED_FUNCTION = YES;
				GCC_WARN_UNUSED_VARIABLE = YES;
				IPHONEOS_DEPLOYMENT_TARGET = 15.5;
				MTL_ENABLE_DEBUG_INFO = INCLUDE_SOURCE;
				MTL_FAST_MATH = YES;
				ONLY_ACTIVE_ARCH = YES;
				SDKROOT = iphoneos;
				SWIFT_ACTIVE_COMPILATION_CONDITIONS = DEBUG;
				SWIFT_OPTIMIZATION_LEVEL = "-Onone";
			};
			name = Debug;
		};
		F8B489D32885C3130084905B /* Release */ = {
			isa = XCBuildConfiguration;
			buildSettings = {
				ALWAYS_SEARCH_USER_PATHS = NO;
				CLANG_ANALYZER_NONNULL = YES;
				CLANG_ANALYZER_NUMBER_OBJECT_CONVERSION = YES_AGGRESSIVE;
				CLANG_CXX_LANGUAGE_STANDARD = "gnu++17";
				CLANG_ENABLE_MODULES = YES;
				CLANG_ENABLE_OBJC_ARC = YES;
				CLANG_ENABLE_OBJC_WEAK = YES;
				CLANG_WARN_BLOCK_CAPTURE_AUTORELEASING = YES;
				CLANG_WARN_BOOL_CONVERSION = YES;
				CLANG_WARN_COMMA = YES;
				CLANG_WARN_CONSTANT_CONVERSION = YES;
				CLANG_WARN_DEPRECATED_OBJC_IMPLEMENTATIONS = YES;
				CLANG_WARN_DIRECT_OBJC_ISA_USAGE = YES_ERROR;
				CLANG_WARN_DOCUMENTATION_COMMENTS = YES;
				CLANG_WARN_EMPTY_BODY = YES;
				CLANG_WARN_ENUM_CONVERSION = YES;
				CLANG_WARN_INFINITE_RECURSION = YES;
				CLANG_WARN_INT_CONVERSION = YES;
				CLANG_WARN_NON_LITERAL_NULL_CONVERSION = YES;
				CLANG_WARN_OBJC_IMPLICIT_RETAIN_SELF = YES;
				CLANG_WARN_OBJC_LITERAL_CONVERSION = YES;
				CLANG_WARN_OBJC_ROOT_CLASS = YES_ERROR;
				CLANG_WARN_QUOTED_INCLUDE_IN_FRAMEWORK_HEADER = YES;
				CLANG_WARN_RANGE_LOOP_ANALYSIS = YES;
				CLANG_WARN_STRICT_PROTOTYPES = YES;
				CLANG_WARN_SUSPICIOUS_MOVE = YES;
				CLANG_WARN_UNGUARDED_AVAILABILITY = YES_AGGRESSIVE;
				CLANG_WARN_UNREACHABLE_CODE = YES;
				CLANG_WARN__DUPLICATE_METHOD_MATCH = YES;
				COPY_PHASE_STRIP = NO;
				DEBUG_INFORMATION_FORMAT = "dwarf-with-dsym";
				ENABLE_NS_ASSERTIONS = NO;
				ENABLE_STRICT_OBJC_MSGSEND = YES;
				GCC_C_LANGUAGE_STANDARD = gnu11;
				GCC_NO_COMMON_BLOCKS = YES;
				GCC_WARN_64_TO_32_BIT_CONVERSION = YES;
				GCC_WARN_ABOUT_RETURN_TYPE = YES_ERROR;
				GCC_WARN_UNDECLARED_SELECTOR = YES;
				GCC_WARN_UNINITIALIZED_AUTOS = YES_AGGRESSIVE;
				GCC_WARN_UNUSED_FUNCTION = YES;
				GCC_WARN_UNUSED_VARIABLE = YES;
				IPHONEOS_DEPLOYMENT_TARGET = 15.5;
				MTL_ENABLE_DEBUG_INFO = NO;
				MTL_FAST_MATH = YES;
				SDKROOT = iphoneos;
				SWIFT_COMPILATION_MODE = wholemodule;
				SWIFT_OPTIMIZATION_LEVEL = "-O";
				VALIDATE_PRODUCT = YES;
			};
			name = Release;
		};
		F8B489D52885C3130084905B /* Debug */ = {
			isa = XCBuildConfiguration;
			buildSettings = {
				ASSETCATALOG_COMPILER_APPICON_NAME = AppIcon;
				ASSETCATALOG_COMPILER_GLOBAL_ACCENT_COLOR_NAME = AccentColor;
				CODE_SIGN_STYLE = Automatic;
				CURRENT_PROJECT_VERSION = 1;
				GENERATE_INFOPLIST_FILE = YES;
				INFOPLIST_FILE = EduardoEduardoFabioIdevanPhaulo/Info.plist;
				INFOPLIST_KEY_UIApplicationSupportsIndirectInputEvents = YES;
				INFOPLIST_KEY_UILaunchStoryboardName = LaunchScreen;
				INFOPLIST_KEY_UIMainStoryboardFile = Main;
				INFOPLIST_KEY_UISupportedInterfaceOrientations_iPad = "UIInterfaceOrientationPortrait UIInterfaceOrientationPortraitUpsideDown UIInterfaceOrientationLandscapeLeft UIInterfaceOrientationLandscapeRight";
				INFOPLIST_KEY_UISupportedInterfaceOrientations_iPhone = "UIInterfaceOrientationPortrait UIInterfaceOrientationLandscapeLeft UIInterfaceOrientationLandscapeRight";
				LD_RUNPATH_SEARCH_PATHS = (
					"$(inherited)",
					"@executable_path/Frameworks",
				);
				MARKETING_VERSION = 1.0;
				PRODUCT_BUNDLE_IDENTIFIER = br.com.fiap.EduardoEduardoFabioIdevanPhaulo;
				PRODUCT_NAME = "$(TARGET_NAME)";
				SWIFT_EMIT_LOC_STRINGS = YES;
				SWIFT_VERSION = 5.0;
				TARGETED_DEVICE_FAMILY = "1,2";
			};
			name = Debug;
		};
		F8B489D62885C3130084905B /* Release */ = {
			isa = XCBuildConfiguration;
			buildSettings = {
				ASSETCATALOG_COMPILER_APPICON_NAME = AppIcon;
				ASSETCATALOG_COMPILER_GLOBAL_ACCENT_COLOR_NAME = AccentColor;
				CODE_SIGN_STYLE = Automatic;
				CURRENT_PROJECT_VERSION = 1;
				GENERATE_INFOPLIST_FILE = YES;
				INFOPLIST_FILE = EduardoEduardoFabioIdevanPhaulo/Info.plist;
				INFOPLIST_KEY_UIApplicationSupportsIndirectInputEvents = YES;
				INFOPLIST_KEY_UILaunchStoryboardName = LaunchScreen;
				INFOPLIST_KEY_UIMainStoryboardFile = Main;
				INFOPLIST_KEY_UISupportedInterfaceOrientations_iPad = "UIInterfaceOrientationPortrait UIInterfaceOrientationPortraitUpsideDown UIInterfaceOrientationLandscapeLeft UIInterfaceOrientationLandscapeRight";
				INFOPLIST_KEY_UISupportedInterfaceOrientations_iPhone = "UIInterfaceOrientationPortrait UIInterfaceOrientationLandscapeLeft UIInterfaceOrientationLandscapeRight";
				LD_RUNPATH_SEARCH_PATHS = (
					"$(inherited)",
					"@executable_path/Frameworks",
				);
				MARKETING_VERSION = 1.0;
				PRODUCT_BUNDLE_IDENTIFIER = br.com.fiap.EduardoEduardoFabioIdevanPhaulo;
				PRODUCT_NAME = "$(TARGET_NAME)";
				SWIFT_EMIT_LOC_STRINGS = YES;
				SWIFT_VERSION = 5.0;
				TARGETED_DEVICE_FAMILY = "1,2";
			};
			name = Release;
		};
/* End XCBuildConfiguration section */

/* Begin XCConfigurationList section */
		F8B489B82885C3110084905B /* Build configuration list for PBXProject "EduardoEduardoFabioIdevanPhaulo" */ = {
			isa = XCConfigurationList;
			buildConfigurations = (
				F8B489D22885C3130084905B /* Debug */,
				F8B489D32885C3130084905B /* Release */,
			);
			defaultConfigurationIsVisible = 0;
			defaultConfigurationName = Release;
		};
		F8B489D42885C3130084905B /* Build configuration list for PBXNativeTarget "EduardoEduardoFabioIdevanPhaulo" */ = {
			isa = XCConfigurationList;
			buildConfigurations = (
				F8B489D52885C3130084905B /* Debug */,
				F8B489D62885C3130084905B /* Release */,
			);
			defaultConfigurationIsVisible = 0;
			defaultConfigurationName = Release;
		};
/* End XCConfigurationList section */

/* Begin XCVersionGroup section */
		F8B489C92885C3110084905B /* EduardoEduardoFabioIdevanPhaulo.xcdatamodeld */ = {
			isa = XCVersionGroup;
			children = (
				F8B489CA2885C3110084905B /* EduardoEduardoFabioIdevanPhaulo.xcdatamodel */,
			);
			currentVersion = F8B489CA2885C3110084905B /* EduardoEduardoFabioIdevanPhaulo.xcdatamodel */;
			path = EduardoEduardoFabioIdevanPhaulo.xcdatamodeld;
			sourceTree = "<group>";
			versionGroupType = wrapper.xcdatamodel;
		};
/* End XCVersionGroup section */
	};
	rootObject = F8B489B52885C3110084905B /* Project object */;
}
